
Microsoft Visual Studio Solution File, Format Version 12.00
# Visual Studio 15
VisualStudioVersion = 15.0.26304.0
MinimumVisualStudioVersion = 10.0.40219.1
Project("{FAE04EC0-301F-11D3-BF4B-00C04F79EFBC}") = "VulkanCore", "Src\VulkanCore.csproj", "{1772437F-982D-4EDF-80E8-11B826219041}"
EndProject
Project("{FAE04EC0-301F-11D3-BF4B-00C04F79EFBC}") = "VulkanCore.Tests", "Tests\VulkanCore.Tests.csproj", "{E5A7B363-E868-4604-9C87-E5FFF6A2FF28}"
EndProject
Project("{2150E333-8FDC-42A3-9474-1A3956D46DE8}") = "Samples", "Samples", "{FD183F84-E801-4231-BF14-805910F54F80}"
EndProject
Project("{9A19103F-16F7-4668-BE54-9A1E7A4F7556}") = "MiniFramework", "Samples\MiniFramework\MiniFramework.csproj", "{9BECF614-4E1A-4053-A7A0-3A7B0BCA0CF0}"
EndProject
Project("{2150E333-8FDC-42A3-9474-1A3956D46DE8}") = "Win32", "Win32", "{197DE740-FF8A-4551-9A7F-78B8D2170510}"
EndProject
Project("{FAE04EC0-301F-11D3-BF4B-00C04F79EFBC}") = "01-ClearScreen", "Samples\Win32\01-ClearScreen\01-ClearScreen.csproj", "{48EBB243-DCD5-4D2C-B19E-1C4574A78DCE}"
EndProject
Project("{FAE04EC0-301F-11D3-BF4B-00C04F79EFBC}") = "02-ColoredTriangle", "Samples\Win32\02-ColoredTriangle\02-ColoredTriangle.csproj", "{7519173C-D98E-4DDB-9F8A-D1051616C61E}"
EndProject
Project("{FAE04EC0-301F-11D3-BF4B-00C04F79EFBC}") = "03-TexturedCube", "Samples\Win32\03-TexturedCube\03-TexturedCube.csproj", "{3FC89C99-98A7-4275-BC4E-43335EE47C93}"
EndProject
Project("{2150E333-8FDC-42A3-9474-1A3956D46DE8}") = "Android", "Android", "{C2878702-A59D-4F67-A80B-DFF83FFAE414}"
EndProject
Project("{FAE04EC0-301F-11D3-BF4B-00C04F79EFBC}") = "01-ClearScreen (WIP)", "Samples\Android\01-ClearScreen\01-ClearScreen (WIP).csproj", "{ACF7B532-2575-458F-B80A-B0CA69694485}"
EndProject
Global
	GlobalSection(SolutionConfigurationPlatforms) = preSolution
		Debug|Any CPU = Debug|Any CPU
		Release|Any CPU = Release|Any CPU
	EndGlobalSection
	GlobalSection(ProjectConfigurationPlatforms) = postSolution
		{1772437F-982D-4EDF-80E8-11B826219041}.Debug|Any CPU.ActiveCfg = Debug|Any CPU
		{1772437F-982D-4EDF-80E8-11B826219041}.Debug|Any CPU.Build.0 = Debug|Any CPU
		{1772437F-982D-4EDF-80E8-11B826219041}.Release|Any CPU.ActiveCfg = Release|Any CPU
		{1772437F-982D-4EDF-80E8-11B826219041}.Release|Any CPU.Build.0 = Release|Any CPU
		{E5A7B363-E868-4604-9C87-E5FFF6A2FF28}.Debug|Any CPU.ActiveCfg = Debug|Any CPU
		{E5A7B363-E868-4604-9C87-E5FFF6A2FF28}.Debug|Any CPU.Build.0 = Debug|Any CPU
		{E5A7B363-E868-4604-9C87-E5FFF6A2FF28}.Release|Any CPU.ActiveCfg = Release|Any CPU
		{E5A7B363-E868-4604-9C87-E5FFF6A2FF28}.Release|Any CPU.Build.0 = Release|Any CPU
		{9BECF614-4E1A-4053-A7A0-3A7B0BCA0CF0}.Debug|Any CPU.ActiveCfg = Debug|Any CPU
		{9BECF614-4E1A-4053-A7A0-3A7B0BCA0CF0}.Debug|Any CPU.Build.0 = Debug|Any CPU
		{9BECF614-4E1A-4053-A7A0-3A7B0BCA0CF0}.Release|Any CPU.ActiveCfg = Release|Any CPU
		{9BECF614-4E1A-4053-A7A0-3A7B0BCA0CF0}.Release|Any CPU.Build.0 = Release|Any CPU
		{48EBB243-DCD5-4D2C-B19E-1C4574A78DCE}.Debug|Any CPU.ActiveCfg = Debug|Any CPU
		{48EBB243-DCD5-4D2C-B19E-1C4574A78DCE}.Debug|Any CPU.Build.0 = Debug|Any CPU
		{48EBB243-DCD5-4D2C-B19E-1C4574A78DCE}.Release|Any CPU.ActiveCfg = Release|Any CPU
		{48EBB243-DCD5-4D2C-B19E-1C4574A78DCE}.Release|Any CPU.Build.0 = Release|Any CPU
		{7519173C-D98E-4DDB-9F8A-D1051616C61E}.Debug|Any CPU.ActiveCfg = Debug|Any CPU
		{7519173C-D98E-4DDB-9F8A-D1051616C61E}.Debug|Any CPU.Build.0 = Debug|Any CPU
		{7519173C-D98E-4DDB-9F8A-D1051616C61E}.Release|Any CPU.ActiveCfg = Release|Any CPU
		{7519173C-D98E-4DDB-9F8A-D1051616C61E}.Release|Any CPU.Build.0 = Release|Any CPU
		{3FC89C99-98A7-4275-BC4E-43335EE47C93}.Debug|Any CPU.ActiveCfg = Debug|Any CPU
		{3FC89C99-98A7-4275-BC4E-43335EE47C93}.Debug|Any CPU.Build.0 = Debug|Any CPU
		{3FC89C99-98A7-4275-BC4E-43335EE47C93}.Release|Any CPU.ActiveCfg = Release|Any CPU
		{3FC89C99-98A7-4275-BC4E-43335EE47C93}.Release|Any CPU.Build.0 = Release|Any CPU
		{ACF7B532-2575-458F-B80A-B0CA69694485}.Debug|Any CPU.ActiveCfg = Debug|Any CPU
		{ACF7B532-2575-458F-B80A-B0CA69694485}.Debug|Any CPU.Build.0 = Debug|Any CPU
		{ACF7B532-2575-458F-B80A-B0CA69694485}.Debug|Any CPU.Deploy.0 = Debug|Any CPU
		{ACF7B532-2575-458F-B80A-B0CA69694485}.Release|Any CPU.ActiveCfg = Release|Any CPU
		{ACF7B532-2575-458F-B80A-B0CA69694485}.Release|Any CPU.Build.0 = Release|Any CPU
		{ACF7B532-2575-458F-B80A-B0CA69694485}.Release|Any CPU.Deploy.0 = Release|Any CPU
	EndGlobalSection
	GlobalSection(SolutionProperties) = preSolution
		HideSolutionNode = FALSE
	EndGlobalSection
	GlobalSection(NestedProjects) = preSolution
		{9BECF614-4E1A-4053-A7A0-3A7B0BCA0CF0} = {FD183F84-E801-4231-BF14-805910F54F80}
		{197DE740-FF8A-4551-9A7F-78B8D2170510} = {FD183F84-E801-4231-BF14-805910F54F80}
		{48EBB243-DCD5-4D2C-B19E-1C4574A78DCE} = {197DE740-FF8A-4551-9A7F-78B8D2170510}
		{7519173C-D98E-4DDB-9F8A-D1051616C61E} = {197DE740-FF8A-4551-9A7F-78B8D2170510}
		{3FC89C99-98A7-4275-BC4E-43335EE47C93} = {197DE740-FF8A-4551-9A7F-78B8D2170510}
		{C2878702-A59D-4F67-A80B-DFF83FFAE414} = {FD183F84-E801-4231-BF14-805910F54F80}
		{ACF7B532-2575-458F-B80A-B0CA69694485} = {C2878702-A59D-4F67-A80B-DFF83FFAE414}
	EndGlobalSection
EndGlobal
