
Microsoft Visual Studio Solution File, Format Version 12.00
# Visual Studio 15
VisualStudioVersion = 15.0.26228.12
MinimumVisualStudioVersion = 10.0.40219.1
Project("{9A19103F-16F7-4668-BE54-9A1E7A4F7556}") = "VulkanCore", "Src\VulkanCore.csproj", "{1772437F-982D-4EDF-80E8-11B826219041}"
EndProject
Project("{9A19103F-16F7-4668-BE54-9A1E7A4F7556}") = "VulkanCore.Tests", "Tests\VulkanCore.Tests.csproj", "{E5A7B363-E868-4604-9C87-E5FFF6A2FF28}"
EndProject
Project("{2150E333-8FDC-42A3-9474-1A3956D46DE8}") = "Samples", "Samples", "{FD183F84-E801-4231-BF14-805910F54F80}"
EndProject
Project("{9A19103F-16F7-4668-BE54-9A1E7A4F7556}") = "MiniFramework", "Samples\MiniFramework\MiniFramework.csproj", "{9BECF614-4E1A-4053-A7A0-3A7B0BCA0CF0}"
EndProject
Project("{2150E333-8FDC-42A3-9474-1A3956D46DE8}") = "Win32", "Win32", "{197DE740-FF8A-4551-9A7F-78B8D2170510}"
EndProject
Project("{FAE04EC0-301F-11D3-BF4B-00C04F79EFBC}") = "01-ClearScreen", "Samples\Win32\01-ClearScreen\01-ClearScreen.csproj", "{48EBB243-DCD5-4D2C-B19E-1C4574A78DCE}"
EndProject
Project("{FAE04EC0-301F-11D3-BF4B-00C04F79EFBC}") = "02-ColoredTriangle", "Samples\Win32\02-ColoredTriangle\02-ColoredTriangle.csproj", "{7519173C-D98E-4DDB-9F8A-D1051616C61E}"
EndProject
Project("{FAE04EC0-301F-11D3-BF4B-00C04F79EFBC}") = "03-TexturedCube", "Samples\Win32\03-TexturedCube\03-TexturedCube.csproj", "{3FC89C99-98A7-4275-BC4E-43335EE47C93}"
EndProject
Project("{2150E333-8FDC-42A3-9474-1A3956D46DE8}") = "Android", "Android", "{C2878702-A59D-4F67-A80B-DFF83FFAE414}"
EndProject
Project("{FAE04EC0-301F-11D3-BF4B-00C04F79EFBC}") = "01-ClearScreen", "Samples\Android\01-ClearScreen\01-ClearScreen.csproj", "{ACF7B532-2575-458F-B80A-B0CA69694485}"
EndProject
Project("{FAE04EC0-301F-11D3-BF4B-00C04F79EFBC}") = "02-ColoredTriangle", "Samples\Android\02-ColoredTriangle\02-ColoredTriangle.csproj", "{54D5EFD9-799C-4846-9E55-C8BF7BA11E90}"
EndProject
Project("{FAE04EC0-301F-11D3-BF4B-00C04F79EFBC}") = "03-TexturedCube", "Samples\Android\03-TexturedCube\03-TexturedCube.csproj", "{FBAF65E5-F7FD-4565-BBFB-1C3680FBCF15}"
EndProject
Project("{FAE04EC0-301F-11D3-BF4B-00C04F79EFBC}") = "04-ComputeParticles", "Samples\Win32\04-ComputeParticles\04-ComputeParticles.csproj", "{F0062F92-0F14-4A31-9E93-8E2EA099525D}"
EndProject
Project("{FAE04EC0-301F-11D3-BF4B-00C04F79EFBC}") = "04-ComputeParticles", "Samples\Android\04-ComputeParticles\04-ComputeParticles.csproj", "{DBFAA3F2-7373-4B91-98F2-921760A975A8}"
EndProject
Project("{2150E333-8FDC-42A3-9474-1A3956D46DE8}") = "MacOS", "MacOS", "{61E8BAC9-A9BE-4241-9EF6-9781FDEF0115}"
EndProject
Project("{9A19103F-16F7-4668-BE54-9A1E7A4F7556}") = "01-ClearScreen", "Samples\MacOS\01-ClearScreen\01-ClearScreen.csproj", "{2922B7BC-5E39-495F-AECA-3CE02A025A97}"
EndProject
Project("{9A19103F-16F7-4668-BE54-9A1E7A4F7556}") = "02-ColoredTriangle", "Samples\MacOS\02-ColoredTriangle\02-ColoredTriangle.csproj", "{3BED86E2-FDEA-423F-92A4-20C10E9CE064}"
EndProject
Project("{9A19103F-16F7-4668-BE54-9A1E7A4F7556}") = "03-TexturedCube", "Samples\MacOS\03-TexturedCube\03-TexturedCube.csproj", "{A44B1FCF-D559-4C73-93B1-BDE30F9820D2}"
EndProject
Project("{9A19103F-16F7-4668-BE54-9A1E7A4F7556}") = "04-ComputeParticles", "Samples\MacOS\04-ComputeParticles\04-ComputeParticles.csproj", "{9A65BBD6-51A2-48BD-B411-0B10789278AC}"
EndProject
Global
	GlobalSection(SolutionConfigurationPlatforms) = preSolution
		Debug|Any CPU = Debug|Any CPU
		Release|Any CPU = Release|Any CPU
	EndGlobalSection
	GlobalSection(ProjectConfigurationPlatforms) = postSolution
		{1772437F-982D-4EDF-80E8-11B826219041}.Debug|Any CPU.ActiveCfg = Debug|Any CPU
		{1772437F-982D-4EDF-80E8-11B826219041}.Debug|Any CPU.Build.0 = Debug|Any CPU
		{1772437F-982D-4EDF-80E8-11B826219041}.Release|Any CPU.ActiveCfg = Release|Any CPU
		{1772437F-982D-4EDF-80E8-11B826219041}.Release|Any CPU.Build.0 = Release|Any CPU
		{E5A7B363-E868-4604-9C87-E5FFF6A2FF28}.Debug|Any CPU.ActiveCfg = Debug|Any CPU
		{E5A7B363-E868-4604-9C87-E5FFF6A2FF28}.Debug|Any CPU.Build.0 = Debug|Any CPU
		{E5A7B363-E868-4604-9C87-E5FFF6A2FF28}.Release|Any CPU.ActiveCfg = Release|Any CPU
		{E5A7B363-E868-4604-9C87-E5FFF6A2FF28}.Release|Any CPU.Build.0 = Release|Any CPU
		{9BECF614-4E1A-4053-A7A0-3A7B0BCA0CF0}.Debug|Any CPU.ActiveCfg = Debug|Any CPU
		{9BECF614-4E1A-4053-A7A0-3A7B0BCA0CF0}.Debug|Any CPU.Build.0 = Debug|Any CPU
		{9BECF614-4E1A-4053-A7A0-3A7B0BCA0CF0}.Release|Any CPU.ActiveCfg = Release|Any CPU
		{9BECF614-4E1A-4053-A7A0-3A7B0BCA0CF0}.Release|Any CPU.Build.0 = Release|Any CPU
		{48EBB243-DCD5-4D2C-B19E-1C4574A78DCE}.Debug|Any CPU.ActiveCfg = Debug|Any CPU
		{48EBB243-DCD5-4D2C-B19E-1C4574A78DCE}.Debug|Any CPU.Build.0 = Debug|Any CPU
		{48EBB243-DCD5-4D2C-B19E-1C4574A78DCE}.Release|Any CPU.ActiveCfg = Release|Any CPU
		{48EBB243-DCD5-4D2C-B19E-1C4574A78DCE}.Release|Any CPU.Build.0 = Release|Any CPU
		{7519173C-D98E-4DDB-9F8A-D1051616C61E}.Debug|Any CPU.ActiveCfg = Debug|Any CPU
		{7519173C-D98E-4DDB-9F8A-D1051616C61E}.Debug|Any CPU.Build.0 = Debug|Any CPU
		{7519173C-D98E-4DDB-9F8A-D1051616C61E}.Release|Any CPU.ActiveCfg = Release|Any CPU
		{7519173C-D98E-4DDB-9F8A-D1051616C61E}.Release|Any CPU.Build.0 = Release|Any CPU
		{3FC89C99-98A7-4275-BC4E-43335EE47C93}.Debug|Any CPU.ActiveCfg = Debug|Any CPU
		{3FC89C99-98A7-4275-BC4E-43335EE47C93}.Debug|Any CPU.Build.0 = Debug|Any CPU
		{3FC89C99-98A7-4275-BC4E-43335EE47C93}.Release|Any CPU.ActiveCfg = Release|Any CPU
		{3FC89C99-98A7-4275-BC4E-43335EE47C93}.Release|Any CPU.Build.0 = Release|Any CPU
		{ACF7B532-2575-458F-B80A-B0CA69694485}.Debug|Any CPU.ActiveCfg = Debug|Any CPU
		{ACF7B532-2575-458F-B80A-B0CA69694485}.Debug|Any CPU.Build.0 = Debug|Any CPU
		{ACF7B532-2575-458F-B80A-B0CA69694485}.Debug|Any CPU.Deploy.0 = Debug|Any CPU
		{ACF7B532-2575-458F-B80A-B0CA69694485}.Release|Any CPU.ActiveCfg = Release|Any CPU
		{ACF7B532-2575-458F-B80A-B0CA69694485}.Release|Any CPU.Build.0 = Release|Any CPU
		{ACF7B532-2575-458F-B80A-B0CA69694485}.Release|Any CPU.Deploy.0 = Release|Any CPU
		{54D5EFD9-799C-4846-9E55-C8BF7BA11E90}.Debug|Any CPU.ActiveCfg = Debug|Any CPU
		{54D5EFD9-799C-4846-9E55-C8BF7BA11E90}.Debug|Any CPU.Build.0 = Debug|Any CPU
		{54D5EFD9-799C-4846-9E55-C8BF7BA11E90}.Debug|Any CPU.Deploy.0 = Debug|Any CPU
		{54D5EFD9-799C-4846-9E55-C8BF7BA11E90}.Release|Any CPU.ActiveCfg = Release|Any CPU
		{54D5EFD9-799C-4846-9E55-C8BF7BA11E90}.Release|Any CPU.Build.0 = Release|Any CPU
		{54D5EFD9-799C-4846-9E55-C8BF7BA11E90}.Release|Any CPU.Deploy.0 = Release|Any CPU
		{FBAF65E5-F7FD-4565-BBFB-1C3680FBCF15}.Debug|Any CPU.ActiveCfg = Debug|Any CPU
		{FBAF65E5-F7FD-4565-BBFB-1C3680FBCF15}.Debug|Any CPU.Build.0 = Debug|Any CPU
		{FBAF65E5-F7FD-4565-BBFB-1C3680FBCF15}.Debug|Any CPU.Deploy.0 = Debug|Any CPU
		{FBAF65E5-F7FD-4565-BBFB-1C3680FBCF15}.Release|Any CPU.ActiveCfg = Release|Any CPU
		{FBAF65E5-F7FD-4565-BBFB-1C3680FBCF15}.Release|Any CPU.Build.0 = Release|Any CPU
		{FBAF65E5-F7FD-4565-BBFB-1C3680FBCF15}.Release|Any CPU.Deploy.0 = Release|Any CPU
		{F0062F92-0F14-4A31-9E93-8E2EA099525D}.Debug|Any CPU.ActiveCfg = Debug|Any CPU
		{F0062F92-0F14-4A31-9E93-8E2EA099525D}.Debug|Any CPU.Build.0 = Debug|Any CPU
		{F0062F92-0F14-4A31-9E93-8E2EA099525D}.Release|Any CPU.ActiveCfg = Release|Any CPU
		{F0062F92-0F14-4A31-9E93-8E2EA099525D}.Release|Any CPU.Build.0 = Release|Any CPU
		{DBFAA3F2-7373-4B91-98F2-921760A975A8}.Debug|Any CPU.ActiveCfg = Debug|Any CPU
		{DBFAA3F2-7373-4B91-98F2-921760A975A8}.Debug|Any CPU.Build.0 = Debug|Any CPU
		{DBFAA3F2-7373-4B91-98F2-921760A975A8}.Debug|Any CPU.Deploy.0 = Debug|Any CPU
		{DBFAA3F2-7373-4B91-98F2-921760A975A8}.Release|Any CPU.ActiveCfg = Release|Any CPU
		{DBFAA3F2-7373-4B91-98F2-921760A975A8}.Release|Any CPU.Build.0 = Release|Any CPU
		{DBFAA3F2-7373-4B91-98F2-921760A975A8}.Release|Any CPU.Deploy.0 = Release|Any CPU
		{2922B7BC-5E39-495F-AECA-3CE02A025A97}.Debug|Any CPU.ActiveCfg = Debug|Any CPU
		{2922B7BC-5E39-495F-AECA-3CE02A025A97}.Debug|Any CPU.Build.0 = Debug|Any CPU
		{2922B7BC-5E39-495F-AECA-3CE02A025A97}.Release|Any CPU.ActiveCfg = Release|Any CPU
		{2922B7BC-5E39-495F-AECA-3CE02A025A97}.Release|Any CPU.Build.0 = Release|Any CPU
		{3BED86E2-FDEA-423F-92A4-20C10E9CE064}.Debug|Any CPU.ActiveCfg = Debug|Any CPU
		{3BED86E2-FDEA-423F-92A4-20C10E9CE064}.Debug|Any CPU.Build.0 = Debug|Any CPU
		{3BED86E2-FDEA-423F-92A4-20C10E9CE064}.Release|Any CPU.ActiveCfg = Release|Any CPU
		{3BED86E2-FDEA-423F-92A4-20C10E9CE064}.Release|Any CPU.Build.0 = Release|Any CPU
		{A44B1FCF-D559-4C73-93B1-BDE30F9820D2}.Debug|Any CPU.ActiveCfg = Debug|Any CPU
		{A44B1FCF-D559-4C73-93B1-BDE30F9820D2}.Debug|Any CPU.Build.0 = Debug|Any CPU
		{A44B1FCF-D559-4C73-93B1-BDE30F9820D2}.Release|Any CPU.ActiveCfg = Release|Any CPU
		{A44B1FCF-D559-4C73-93B1-BDE30F9820D2}.Release|Any CPU.Build.0 = Release|Any CPU
		{9A65BBD6-51A2-48BD-B411-0B10789278AC}.Debug|Any CPU.ActiveCfg = Debug|Any CPU
		{9A65BBD6-51A2-48BD-B411-0B10789278AC}.Debug|Any CPU.Build.0 = Debug|Any CPU
		{9A65BBD6-51A2-48BD-B411-0B10789278AC}.Release|Any CPU.ActiveCfg = Release|Any CPU
		{9A65BBD6-51A2-48BD-B411-0B10789278AC}.Release|Any CPU.Build.0 = Release|Any CPU
	EndGlobalSection
	GlobalSection(SolutionProperties) = preSolution
		HideSolutionNode = FALSE
	EndGlobalSection
	GlobalSection(NestedProjects) = preSolution
		{9BECF614-4E1A-4053-A7A0-3A7B0BCA0CF0} = {FD183F84-E801-4231-BF14-805910F54F80}
		{197DE740-FF8A-4551-9A7F-78B8D2170510} = {FD183F84-E801-4231-BF14-805910F54F80}
		{48EBB243-DCD5-4D2C-B19E-1C4574A78DCE} = {197DE740-FF8A-4551-9A7F-78B8D2170510}
		{7519173C-D98E-4DDB-9F8A-D1051616C61E} = {197DE740-FF8A-4551-9A7F-78B8D2170510}
		{3FC89C99-98A7-4275-BC4E-43335EE47C93} = {197DE740-FF8A-4551-9A7F-78B8D2170510}
		{C2878702-A59D-4F67-A80B-DFF83FFAE414} = {FD183F84-E801-4231-BF14-805910F54F80}
		{ACF7B532-2575-458F-B80A-B0CA69694485} = {C2878702-A59D-4F67-A80B-DFF83FFAE414}
		{54D5EFD9-799C-4846-9E55-C8BF7BA11E90} = {C2878702-A59D-4F67-A80B-DFF83FFAE414}
		{FBAF65E5-F7FD-4565-BBFB-1C3680FBCF15} = {C2878702-A59D-4F67-A80B-DFF83FFAE414}
		{F0062F92-0F14-4A31-9E93-8E2EA099525D} = {197DE740-FF8A-4551-9A7F-78B8D2170510}
		{DBFAA3F2-7373-4B91-98F2-921760A975A8} = {C2878702-A59D-4F67-A80B-DFF83FFAE414}
		{61E8BAC9-A9BE-4241-9EF6-9781FDEF0115} = {FD183F84-E801-4231-BF14-805910F54F80}
		{2922B7BC-5E39-495F-AECA-3CE02A025A97} = {61E8BAC9-A9BE-4241-9EF6-9781FDEF0115}
		{3BED86E2-FDEA-423F-92A4-20C10E9CE064} = {61E8BAC9-A9BE-4241-9EF6-9781FDEF0115}
		{A44B1FCF-D559-4C73-93B1-BDE30F9820D2} = {61E8BAC9-A9BE-4241-9EF6-9781FDEF0115}
		{9A65BBD6-51A2-48BD-B411-0B10789278AC} = {61E8BAC9-A9BE-4241-9EF6-9781FDEF0115}
	EndGlobalSection
	GlobalSection(ExtensibilityGlobals) = postSolution
		SolutionGuid = {53A370C0-2029-430D-8088-C5DE8E4A9A2C}
	EndGlobalSection
EndGlobal
